
Microsoft Visual Studio Solution File, Format Version 12.00
# Visual Studio 2012
Project("{FAE04EC0-301F-11D3-BF4B-00C04F79EFBC}") = "TestGame", "TestTennisGame\TestGame.csproj", "{F2500E1F-5844-4EF0-A1C8-C9B15883496E}"
EndProject
Project("{FAE04EC0-301F-11D3-BF4B-00C04F79EFBC}") = "Game", "Game\Game.csproj", "{963FA05B-47B6-4345-A6F4-E1346A60B127}"
EndProject
Global
	GlobalSection(SolutionConfigurationPlatforms) = preSolution
		Debug|Any CPU = Debug|Any CPU
		Release|Any CPU = Release|Any CPU
	EndGlobalSection
	GlobalSection(ProjectConfigurationPlatforms) = postSolution
		{F2500E1F-5844-4EF0-A1C8-C9B15883496E}.Debug|Any CPU.ActiveCfg = Debug|Any CPU
		{F2500E1F-5844-4EF0-A1C8-C9B15883496E}.Debug|Any CPU.Build.0 = Debug|Any CPU
		{F2500E1F-5844-4EF0-A1C8-C9B15883496E}.Release|Any CPU.ActiveCfg = Release|Any CPU
		{F2500E1F-5844-4EF0-A1C8-C9B15883496E}.Release|Any CPU.Build.0 = Release|Any CPU
		{963FA05B-47B6-4345-A6F4-E1346A60B127}.Debug|Any CPU.ActiveCfg = Debug|Any CPU
		{963FA05B-47B6-4345-A6F4-E1346A60B127}.Debug|Any CPU.Build.0 = Debug|Any CPU
		{963FA05B-47B6-4345-A6F4-E1346A60B127}.Release|Any CPU.ActiveCfg = Release|Any CPU
		{963FA05B-47B6-4345-A6F4-E1346A60B127}.Release|Any CPU.Build.0 = Release|Any CPU
	EndGlobalSection
	GlobalSection(SolutionProperties) = preSolution
		HideSolutionNode = FALSE
	EndGlobalSection
EndGlobal
